
Microsoft Visual Studio Solution File, Format Version 10.00
# Visual Studio 2008
Project("{FAE04EC0-301F-11D3-BF4B-00C04F79EFBC}") = "CatEye.UI.Gtk", "CatEye.UI.Gtk\CatEye.UI.Gtk.csproj", "{DDE9ADAE-05D1-4296-BB0B-8169A7EDEDD7}"
EndProject
Project("{FAE04EC0-301F-11D3-BF4B-00C04F79EFBC}") = "CatEye.Core", "CatEye.Core\CatEye.Core.csproj", "{43B10E8A-1BE4-4638-93EB-DB150E3241A3}"
EndProject
Project("{FAE04EC0-301F-11D3-BF4B-00C04F79EFBC}") = "WinSetup", "WinSetup\WinSetup.csproj", "{1883E056-08CA-4325-A1EC-53F2D2E03128}"
EndProject
Project("{FAE04EC0-301F-11D3-BF4B-00C04F79EFBC}") = "CatEye.UI.Gtk.Widgets", "CatEye.UI.Gtk.Widgets\CatEye.UI.Gtk.Widgets.csproj", "{73D616D6-3FB0-43D2-ADB1-753B766536B1}"
EndProject
Project("{FAE04EC0-301F-11D3-BF4B-00C04F79EFBC}") = "CatEye.UI.Base", "CatEye.UI.Base\CatEye.UI.Base.csproj", "{3979EF7E-A3B0-4987-9EE4-C2BA748EDB5A}"
EndProject
Global
	GlobalSection(SolutionConfigurationPlatforms) = preSolution
		Debug-MinGW|x86 = Debug-MinGW|x86
		Release-MinGW|x86 = Release-MinGW|x86
		Debug-Unix|x86 = Debug-Unix|x86
		Release-Unix|x86 = Release-Unix|x86
		Debug|Any CPU = Debug|Any CPU
		Release|Any CPU = Release|Any CPU
	EndGlobalSection
	GlobalSection(ProjectConfigurationPlatforms) = postSolution
		{1883E056-08CA-4325-A1EC-53F2D2E03128}.Debug-MinGW|x86.ActiveCfg = Debug|Any CPU
		{1883E056-08CA-4325-A1EC-53F2D2E03128}.Debug-MinGW|x86.Build.0 = Debug|Any CPU
		{1883E056-08CA-4325-A1EC-53F2D2E03128}.Debug-Unix|x86.ActiveCfg = Debug|x86
		{1883E056-08CA-4325-A1EC-53F2D2E03128}.Release-MinGW|x86.ActiveCfg = Release|Any CPU
		{1883E056-08CA-4325-A1EC-53F2D2E03128}.Release-MinGW|x86.Build.0 = Release|Any CPU
		{1883E056-08CA-4325-A1EC-53F2D2E03128}.Release-Unix|x86.ActiveCfg = Debug|x86
		{3979EF7E-A3B0-4987-9EE4-C2BA748EDB5A}.Debug|Any CPU.ActiveCfg = Debug|Any CPU
		{3979EF7E-A3B0-4987-9EE4-C2BA748EDB5A}.Debug|Any CPU.Build.0 = Debug|Any CPU
		{3979EF7E-A3B0-4987-9EE4-C2BA748EDB5A}.Debug-MinGW|x86.ActiveCfg = Debug|Any CPU
		{3979EF7E-A3B0-4987-9EE4-C2BA748EDB5A}.Debug-MinGW|x86.Build.0 = Debug|Any CPU
		{3979EF7E-A3B0-4987-9EE4-C2BA748EDB5A}.Debug-Unix|x86.ActiveCfg = Debug|Any CPU
		{3979EF7E-A3B0-4987-9EE4-C2BA748EDB5A}.Debug-Unix|x86.Build.0 = Debug|Any CPU
		{3979EF7E-A3B0-4987-9EE4-C2BA748EDB5A}.Release|Any CPU.ActiveCfg = Release|Any CPU
		{3979EF7E-A3B0-4987-9EE4-C2BA748EDB5A}.Release|Any CPU.Build.0 = Release|Any CPU
		{3979EF7E-A3B0-4987-9EE4-C2BA748EDB5A}.Release-MinGW|x86.ActiveCfg = Debug|Any CPU
		{3979EF7E-A3B0-4987-9EE4-C2BA748EDB5A}.Release-MinGW|x86.Build.0 = Debug|Any CPU
		{3979EF7E-A3B0-4987-9EE4-C2BA748EDB5A}.Release-Unix|x86.ActiveCfg = Debug|Any CPU
		{3979EF7E-A3B0-4987-9EE4-C2BA748EDB5A}.Release-Unix|x86.Build.0 = Debug|Any CPU
		{43B10E8A-1BE4-4638-93EB-DB150E3241A3}.Debug-MinGW|x86.ActiveCfg = Debug-MinGW|x86
		{43B10E8A-1BE4-4638-93EB-DB150E3241A3}.Debug-MinGW|x86.Build.0 = Debug-MinGW|x86
		{43B10E8A-1BE4-4638-93EB-DB150E3241A3}.Debug-Unix|x86.ActiveCfg = Debug-Unix|x86
		{43B10E8A-1BE4-4638-93EB-DB150E3241A3}.Debug-Unix|x86.Build.0 = Debug-Unix|x86
		{43B10E8A-1BE4-4638-93EB-DB150E3241A3}.Release-MinGW|x86.ActiveCfg = Release-MinGW|x86
		{43B10E8A-1BE4-4638-93EB-DB150E3241A3}.Release-MinGW|x86.Build.0 = Release-MinGW|x86
		{43B10E8A-1BE4-4638-93EB-DB150E3241A3}.Release-Unix|x86.ActiveCfg = Release-Unix|x86
		{43B10E8A-1BE4-4638-93EB-DB150E3241A3}.Release-Unix|x86.Build.0 = Release-Unix|x86
		{73D616D6-3FB0-43D2-ADB1-753B766536B1}.Debug-MinGW|x86.ActiveCfg = Debug|Any CPU
		{73D616D6-3FB0-43D2-ADB1-753B766536B1}.Debug-MinGW|x86.Build.0 = Debug|Any CPU
		{73D616D6-3FB0-43D2-ADB1-753B766536B1}.Debug-Unix|x86.ActiveCfg = Debug|Any CPU
		{73D616D6-3FB0-43D2-ADB1-753B766536B1}.Debug-Unix|x86.Build.0 = Debug|Any CPU
		{73D616D6-3FB0-43D2-ADB1-753B766536B1}.Release-MinGW|x86.ActiveCfg = Release|Any CPU
		{73D616D6-3FB0-43D2-ADB1-753B766536B1}.Release-MinGW|x86.Build.0 = Release|Any CPU
		{73D616D6-3FB0-43D2-ADB1-753B766536B1}.Release-Unix|x86.ActiveCfg = Release|Any CPU
		{73D616D6-3FB0-43D2-ADB1-753B766536B1}.Release-Unix|x86.Build.0 = Release|Any CPU
		{DDE9ADAE-05D1-4296-BB0B-8169A7EDEDD7}.Debug-MinGW|x86.ActiveCfg = Debug|Any CPU
		{DDE9ADAE-05D1-4296-BB0B-8169A7EDEDD7}.Debug-MinGW|x86.Build.0 = Debug|Any CPU
		{DDE9ADAE-05D1-4296-BB0B-8169A7EDEDD7}.Debug-Unix|x86.ActiveCfg = Debug|Any CPU
		{DDE9ADAE-05D1-4296-BB0B-8169A7EDEDD7}.Debug-Unix|x86.Build.0 = Debug|Any CPU
		{DDE9ADAE-05D1-4296-BB0B-8169A7EDEDD7}.Release-MinGW|x86.ActiveCfg = Release|Any CPU
		{DDE9ADAE-05D1-4296-BB0B-8169A7EDEDD7}.Release-MinGW|x86.Build.0 = Release|Any CPU
		{DDE9ADAE-05D1-4296-BB0B-8169A7EDEDD7}.Release-Unix|x86.ActiveCfg = Release|Any CPU
		{DDE9ADAE-05D1-4296-BB0B-8169A7EDEDD7}.Release-Unix|x86.Build.0 = Release|Any CPU
	EndGlobalSection
	GlobalSection(MonoDevelopProperties) = preSolution
		StartupItem = CatEye\CatEye.UI.Gtk.csproj
		Policies = $0
		$0.VersionControlPolicy = $1
		$1.inheritsSet = Mono
		$0.TextStylePolicy = $2
		$2.inheritsSet = null
		$2.scope = text/x-csrc
		$0.StandardHeader = $3
		$3.Text = 
		$3.IncludeInNewFiles = True
		$0.ChangeLogPolicy = $4
		$4.UpdateMode = None
		$4.MessageStyle = $5
		$5.LineAlign = 0
		$4.inheritsSet = Mono
		version = 0.3
	EndGlobalSection
EndGlobal
